
Microsoft Visual Studio Solution File, Format Version 12.00
# Visual Studio Version 16
VisualStudioVersion = 16.0.32901.82
MinimumVisualStudioVersion = 10.0.40219.1
Project("{FAE04EC0-301F-11D3-BF4B-00C04F79EFBC}") = "ModSettings", "ModSettings.csproj", "{6CE4A4A8-B866-4715-A47A-A9F4D88660E7}"
EndProject
Global
	GlobalSection(SolutionConfigurationPlatforms) = preSolution
		Debug|Any CPU = Debug|Any CPU
		Release|Any CPU = Release|Any CPU
	EndGlobalSection
	GlobalSection(ProjectConfigurationPlatforms) = postSolution
		{6CE4A4A8-B866-4715-A47A-A9F4D88660E7}.Debug|Any CPU.ActiveCfg = Debug|Any CPU
		{6CE4A4A8-B866-4715-A47A-A9F4D88660E7}.Debug|Any CPU.Build.0 = Debug|Any CPU
		{6CE4A4A8-B866-4715-A47A-A9F4D88660E7}.Release|Any CPU.ActiveCfg = Release|Any CPU
		{6CE4A4A8-B866-4715-A47A-A9F4D88660E7}.Release|Any CPU.Build.0 = Release|Any CPU
	EndGlobalSection
	GlobalSection(SolutionProperties) = preSolution
		HideSolutionNode = FALSE
	EndGlobalSection
	GlobalSection(ExtensibilityGlobals) = postSolution
		SolutionGuid = {7602BEA2-6D53-4598-B657-DC5505680D0B}
	EndGlobalSection
EndGlobal
